
Microsoft Visual Studio Solution File, Format Version 12.00
# Visual Studio Version 17
VisualStudioVersion = 17.12.35707.178
MinimumVisualStudioVersion = 10.0.40219.1
Project("{FAE04EC0-301F-11D3-BF4B-00C04F79EFBC}") = "Fibonacci", "Fibonacci\Fibonacci.csproj", "{B0A49186-855F-4324-9DE4-6DE1262A28D2}"
EndProject
Project("{2150E333-8FDC-42A3-9474-1A3956D46DE8}") = "Paralelismo", "Paralelismo", "{59CD9A13-7E83-40F3-BEE1-6391E5652944}"
EndProject
Project("{FAE04EC0-301F-11D3-BF4B-00C04F79EFBC}") = "PruebasParalelismo", "Paralelismo\PruebasParalelismo\PruebasParalelismo.csproj", "{F307795D-38FC-490E-B582-3727D4C659DE}"
EndProject
Project("{2150E333-8FDC-42A3-9474-1A3956D46DE8}") = "CosmosDB", "CosmosDB", "{02EA681E-C7D8-13C7-8484-4AC65E1B71E8}"
EndProject
Project("{FAE04EC0-301F-11D3-BF4B-00C04F79EFBC}") = "CosmosDBEmulator", "CosmosDBemulator\CosmosDBEmulator\CosmosDBEmulator.csproj", "{E08BD519-25DE-4F1F-B158-3E256D8BAAFB}"
EndProject
Project("{FAE04EC0-301F-11D3-BF4B-00C04F79EFBC}") = "CosmosDBEmulator.Contracts", "CosmosDBEmulator\Contracts\CosmosDBEmulator.Contracts\CosmosDBEmulator.Contracts.csproj", "{E1DA748B-BABA-4712-BD86-6FC95CA1A2DA}"
EndProject
Project("{FAE04EC0-301F-11D3-BF4B-00C04F79EFBC}") = "CosmosDBEmulator.Services", "CosmosDB\Services\CosmosDBEmulator.Services\CosmosDBEmulator.Services.csproj", "{8DA8390C-AF0D-4406-90B4-DF474AA2BD40}"
EndProject
Project("{2150E333-8FDC-42A3-9474-1A3956D46DE8}") = "AspDotNet", "AspDotNet", "{B7AB0E7D-0466-4933-8E11-92D45E0675BB}"
EndProject
Project("{FAE04EC0-301F-11D3-BF4B-00C04F79EFBC}") = "PersonasWebAPI", "AspDotNet\PersonasWebAPI\PersonasWebAPI.csproj", "{6725C039-4CE5-42BE-8C4E-8141442C3743}"
EndProject
Project("{FAE04EC0-301F-11D3-BF4B-00C04F79EFBC}") = "PersonasWebAPI.Tests", "AspDotNet\PersonasWebAPI.Tests\PersonasWebAPI.Tests.csproj", "{3510E1A2-7D54-4D83-A785-148CBCFFAD60}"
EndProject
Project("{2150E333-8FDC-42A3-9474-1A3956D46DE8}") = "DotnetCore", "DotnetCore", "{E8698650-9F7D-427B-9751-49B0E8991A26}"
EndProject
Project("{FAE04EC0-301F-11D3-BF4B-00C04F79EFBC}") = "Middlewares", "Middlewares\Middlewares\Middlewares.csproj", "{0148C5EF-3FB6-6F71-F708-AAB3640B7E87}"
EndProject
Project("{FAE04EC0-301F-11D3-BF4B-00C04F79EFBC}") = "PlayGround.AppHost", "PlayGround.AppHost\PlayGround.AppHost.csproj", "{7D681E47-F304-4145-8F03-A994A5D23DA2}"
EndProject
Project("{FAE04EC0-301F-11D3-BF4B-00C04F79EFBC}") = "PlayGround.ServiceDefaults", "PlayGround.ServiceDefaults\PlayGround.ServiceDefaults.csproj", "{6E2A3489-E15F-BAAD-0772-F9E9CD71B86B}"
EndProject
Project("{2150E333-8FDC-42A3-9474-1A3956D46DE8}") = "EstructuraDeDatos", "EstructuraDeDatos", "{6BF8CDF0-DE26-4E5F-91F5-5BDA60EFDB42}"
EndProject
Project("{FAE04EC0-301F-11D3-BF4B-00C04F79EFBC}") = "PlayGround.EstructuraDeDatos.Algoritmos", "EstructuraDeDatos\PlayGround.EstructuraDeDatos.Algoritmos\PlayGround.EstructuraDeDatos.Algoritmos.csproj", "{0868B6FF-E37A-475F-8A49-739116A84293}"
EndProject
Project("{2150E333-8FDC-42A3-9474-1A3956D46DE8}") = "Patrones", "Patrones", "{C3348D00-FFE5-4EB4-93CC-3BD98A10BA07}"
EndProject
Project("{2150E333-8FDC-42A3-9474-1A3956D46DE8}") = "API", "API", "{7BC9104D-2E91-4F9D-A890-BCE5AE3BA464}"
EndProject
Project("{FAE04EC0-301F-11D3-BF4B-00C04F79EFBC}") = "CircuitBreaker", "Patrones\API\CircuitBreaker\CircuitBreaker\CircuitBreaker.csproj", "{85D7FECF-5ECB-4EA4-B8C4-B33BC1744BA4}"
EndProject
Project("{FAE04EC0-301F-11D3-BF4B-00C04F79EFBC}") = "AzFunction_CircuitBreaker", "Patrones\API\CircuitBreakerFunction\AzFunction_CircuitBreaker\AzFunction_CircuitBreaker.csproj", "{FD9FBBFC-412D-4D75-8A0F-F93F1148ADE0}"
EndProject
Project("{2150E333-8FDC-42A3-9474-1A3956D46DE8}") = "Principios", "Principios", "{D8BA3066-3533-4CC4-96E0-6D57D539BC98}"
EndProject
Project("{FAE04EC0-301F-11D3-BF4B-00C04F79EFBC}") = "SolidConBlazor", "Principios\SOLID\SolidConBlazor\SolidConBlazor.csproj", "{38775A56-0B59-4E41-87BA-B2CCAB982D83}"
EndProject
Project("{FAE04EC0-301F-11D3-BF4B-00C04F79EFBC}") = "SolidConBlazor.Contracts", "Principios\SolidConBlazor.Contracts\SolidConBlazor.Contracts.csproj", "{D38D4922-01C6-42AE-84D2-D23841BA05C1}"
EndProject
Project("{FAE04EC0-301F-11D3-BF4B-00C04F79EFBC}") = "SolidConBlazor.Biblioteca.Contracts", "Principios\SolidConBlazor.Biblioteca.Contracts\SolidConBlazor.Biblioteca.Contracts.csproj", "{43445030-B675-437D-A2F9-CAC77C3D02AD}"
EndProject
Project("{FAE04EC0-301F-11D3-BF4B-00C04F79EFBC}") = "SolidConBlazor.Service", "SolidConBlazor.Service\SolidConBlazor.Service.csproj", "{9A25E5E9-0DCC-4C35-BED2-A632E77108B7}"
EndProject
Project("{2150E333-8FDC-42A3-9474-1A3956D46DE8}") = "Blazor", "Blazor", "{AEE2781A-3E57-4087-8E6D-D58428850FD1}"
EndProject
Project("{FAE04EC0-301F-11D3-BF4B-00C04F79EFBC}") = "BlazorApp1", "BlazorApp1\BlazorApp1.csproj", "{48EFF821-2F4D-60CC-AA44-BE0F1D6E5F35}"
EndProject
Global
	GlobalSection(SolutionConfigurationPlatforms) = preSolution
		Debug|Any CPU = Debug|Any CPU
		Release|Any CPU = Release|Any CPU
	EndGlobalSection
	GlobalSection(ProjectConfigurationPlatforms) = postSolution
		{B0A49186-855F-4324-9DE4-6DE1262A28D2}.Debug|Any CPU.ActiveCfg = Debug|Any CPU
		{B0A49186-855F-4324-9DE4-6DE1262A28D2}.Debug|Any CPU.Build.0 = Debug|Any CPU
		{B0A49186-855F-4324-9DE4-6DE1262A28D2}.Release|Any CPU.ActiveCfg = Release|Any CPU
		{B0A49186-855F-4324-9DE4-6DE1262A28D2}.Release|Any CPU.Build.0 = Release|Any CPU
		{F307795D-38FC-490E-B582-3727D4C659DE}.Debug|Any CPU.ActiveCfg = Debug|Any CPU
		{F307795D-38FC-490E-B582-3727D4C659DE}.Debug|Any CPU.Build.0 = Debug|Any CPU
		{F307795D-38FC-490E-B582-3727D4C659DE}.Release|Any CPU.ActiveCfg = Release|Any CPU
		{F307795D-38FC-490E-B582-3727D4C659DE}.Release|Any CPU.Build.0 = Release|Any CPU
		{E08BD519-25DE-4F1F-B158-3E256D8BAAFB}.Debug|Any CPU.ActiveCfg = Debug|Any CPU
		{E08BD519-25DE-4F1F-B158-3E256D8BAAFB}.Debug|Any CPU.Build.0 = Debug|Any CPU
		{E08BD519-25DE-4F1F-B158-3E256D8BAAFB}.Release|Any CPU.ActiveCfg = Release|Any CPU
		{E08BD519-25DE-4F1F-B158-3E256D8BAAFB}.Release|Any CPU.Build.0 = Release|Any CPU
		{E1DA748B-BABA-4712-BD86-6FC95CA1A2DA}.Debug|Any CPU.ActiveCfg = Debug|Any CPU
		{E1DA748B-BABA-4712-BD86-6FC95CA1A2DA}.Debug|Any CPU.Build.0 = Debug|Any CPU
		{E1DA748B-BABA-4712-BD86-6FC95CA1A2DA}.Release|Any CPU.ActiveCfg = Release|Any CPU
		{E1DA748B-BABA-4712-BD86-6FC95CA1A2DA}.Release|Any CPU.Build.0 = Release|Any CPU
		{8DA8390C-AF0D-4406-90B4-DF474AA2BD40}.Debug|Any CPU.ActiveCfg = Debug|Any CPU
		{8DA8390C-AF0D-4406-90B4-DF474AA2BD40}.Debug|Any CPU.Build.0 = Debug|Any CPU
		{8DA8390C-AF0D-4406-90B4-DF474AA2BD40}.Release|Any CPU.ActiveCfg = Release|Any CPU
		{8DA8390C-AF0D-4406-90B4-DF474AA2BD40}.Release|Any CPU.Build.0 = Release|Any CPU
		{6725C039-4CE5-42BE-8C4E-8141442C3743}.Debug|Any CPU.ActiveCfg = Debug|Any CPU
		{6725C039-4CE5-42BE-8C4E-8141442C3743}.Debug|Any CPU.Build.0 = Debug|Any CPU
		{6725C039-4CE5-42BE-8C4E-8141442C3743}.Release|Any CPU.ActiveCfg = Release|Any CPU
		{6725C039-4CE5-42BE-8C4E-8141442C3743}.Release|Any CPU.Build.0 = Release|Any CPU
		{3510E1A2-7D54-4D83-A785-148CBCFFAD60}.Debug|Any CPU.ActiveCfg = Debug|Any CPU
		{3510E1A2-7D54-4D83-A785-148CBCFFAD60}.Debug|Any CPU.Build.0 = Debug|Any CPU
		{3510E1A2-7D54-4D83-A785-148CBCFFAD60}.Release|Any CPU.ActiveCfg = Release|Any CPU
		{3510E1A2-7D54-4D83-A785-148CBCFFAD60}.Release|Any CPU.Build.0 = Release|Any CPU
		{0148C5EF-3FB6-6F71-F708-AAB3640B7E87}.Debug|Any CPU.ActiveCfg = Debug|Any CPU
		{0148C5EF-3FB6-6F71-F708-AAB3640B7E87}.Debug|Any CPU.Build.0 = Debug|Any CPU
		{0148C5EF-3FB6-6F71-F708-AAB3640B7E87}.Release|Any CPU.ActiveCfg = Release|Any CPU
		{0148C5EF-3FB6-6F71-F708-AAB3640B7E87}.Release|Any CPU.Build.0 = Release|Any CPU
		{7D681E47-F304-4145-8F03-A994A5D23DA2}.Debug|Any CPU.ActiveCfg = Debug|Any CPU
		{7D681E47-F304-4145-8F03-A994A5D23DA2}.Debug|Any CPU.Build.0 = Debug|Any CPU
		{7D681E47-F304-4145-8F03-A994A5D23DA2}.Release|Any CPU.ActiveCfg = Release|Any CPU
		{7D681E47-F304-4145-8F03-A994A5D23DA2}.Release|Any CPU.Build.0 = Release|Any CPU
		{6E2A3489-E15F-BAAD-0772-F9E9CD71B86B}.Debug|Any CPU.ActiveCfg = Debug|Any CPU
		{6E2A3489-E15F-BAAD-0772-F9E9CD71B86B}.Debug|Any CPU.Build.0 = Debug|Any CPU
		{6E2A3489-E15F-BAAD-0772-F9E9CD71B86B}.Release|Any CPU.ActiveCfg = Release|Any CPU
		{6E2A3489-E15F-BAAD-0772-F9E9CD71B86B}.Release|Any CPU.Build.0 = Release|Any CPU
		{0868B6FF-E37A-475F-8A49-739116A84293}.Debug|Any CPU.ActiveCfg = Debug|Any CPU
		{0868B6FF-E37A-475F-8A49-739116A84293}.Debug|Any CPU.Build.0 = Debug|Any CPU
		{0868B6FF-E37A-475F-8A49-739116A84293}.Release|Any CPU.ActiveCfg = Release|Any CPU
		{0868B6FF-E37A-475F-8A49-739116A84293}.Release|Any CPU.Build.0 = Release|Any CPU
		{85D7FECF-5ECB-4EA4-B8C4-B33BC1744BA4}.Debug|Any CPU.ActiveCfg = Debug|Any CPU
		{85D7FECF-5ECB-4EA4-B8C4-B33BC1744BA4}.Debug|Any CPU.Build.0 = Debug|Any CPU
		{85D7FECF-5ECB-4EA4-B8C4-B33BC1744BA4}.Release|Any CPU.ActiveCfg = Release|Any CPU
		{85D7FECF-5ECB-4EA4-B8C4-B33BC1744BA4}.Release|Any CPU.Build.0 = Release|Any CPU
		{FD9FBBFC-412D-4D75-8A0F-F93F1148ADE0}.Debug|Any CPU.ActiveCfg = Debug|Any CPU
		{FD9FBBFC-412D-4D75-8A0F-F93F1148ADE0}.Debug|Any CPU.Build.0 = Debug|Any CPU
		{FD9FBBFC-412D-4D75-8A0F-F93F1148ADE0}.Release|Any CPU.ActiveCfg = Release|Any CPU
		{FD9FBBFC-412D-4D75-8A0F-F93F1148ADE0}.Release|Any CPU.Build.0 = Release|Any CPU
		{38775A56-0B59-4E41-87BA-B2CCAB982D83}.Debug|Any CPU.ActiveCfg = Debug|Any CPU
		{38775A56-0B59-4E41-87BA-B2CCAB982D83}.Debug|Any CPU.Build.0 = Debug|Any CPU
		{38775A56-0B59-4E41-87BA-B2CCAB982D83}.Release|Any CPU.ActiveCfg = Release|Any CPU
		{38775A56-0B59-4E41-87BA-B2CCAB982D83}.Release|Any CPU.Build.0 = Release|Any CPU
		{D38D4922-01C6-42AE-84D2-D23841BA05C1}.Debug|Any CPU.ActiveCfg = Debug|Any CPU
		{D38D4922-01C6-42AE-84D2-D23841BA05C1}.Debug|Any CPU.Build.0 = Debug|Any CPU
		{D38D4922-01C6-42AE-84D2-D23841BA05C1}.Release|Any CPU.ActiveCfg = Release|Any CPU
		{D38D4922-01C6-42AE-84D2-D23841BA05C1}.Release|Any CPU.Build.0 = Release|Any CPU
		{43445030-B675-437D-A2F9-CAC77C3D02AD}.Debug|Any CPU.ActiveCfg = Debug|Any CPU
		{43445030-B675-437D-A2F9-CAC77C3D02AD}.Debug|Any CPU.Build.0 = Debug|Any CPU
		{43445030-B675-437D-A2F9-CAC77C3D02AD}.Release|Any CPU.ActiveCfg = Release|Any CPU
		{43445030-B675-437D-A2F9-CAC77C3D02AD}.Release|Any CPU.Build.0 = Release|Any CPU
		{9A25E5E9-0DCC-4C35-BED2-A632E77108B7}.Debug|Any CPU.ActiveCfg = Debug|Any CPU
		{9A25E5E9-0DCC-4C35-BED2-A632E77108B7}.Debug|Any CPU.Build.0 = Debug|Any CPU
		{9A25E5E9-0DCC-4C35-BED2-A632E77108B7}.Release|Any CPU.ActiveCfg = Release|Any CPU
		{9A25E5E9-0DCC-4C35-BED2-A632E77108B7}.Release|Any CPU.Build.0 = Release|Any CPU
		{48EFF821-2F4D-60CC-AA44-BE0F1D6E5F35}.Debug|Any CPU.ActiveCfg = Debug|Any CPU
		{48EFF821-2F4D-60CC-AA44-BE0F1D6E5F35}.Debug|Any CPU.Build.0 = Debug|Any CPU
		{48EFF821-2F4D-60CC-AA44-BE0F1D6E5F35}.Release|Any CPU.ActiveCfg = Release|Any CPU
		{48EFF821-2F4D-60CC-AA44-BE0F1D6E5F35}.Release|Any CPU.Build.0 = Release|Any CPU
	EndGlobalSection
	GlobalSection(SolutionProperties) = preSolution
		HideSolutionNode = FALSE
	EndGlobalSection
	GlobalSection(NestedProjects) = preSolution
		{F307795D-38FC-490E-B582-3727D4C659DE} = {59CD9A13-7E83-40F3-BEE1-6391E5652944}
		{E08BD519-25DE-4F1F-B158-3E256D8BAAFB} = {02EA681E-C7D8-13C7-8484-4AC65E1B71E8}
		{E1DA748B-BABA-4712-BD86-6FC95CA1A2DA} = {02EA681E-C7D8-13C7-8484-4AC65E1B71E8}
		{8DA8390C-AF0D-4406-90B4-DF474AA2BD40} = {02EA681E-C7D8-13C7-8484-4AC65E1B71E8}
		{6725C039-4CE5-42BE-8C4E-8141442C3743} = {B7AB0E7D-0466-4933-8E11-92D45E0675BB}
		{3510E1A2-7D54-4D83-A785-148CBCFFAD60} = {B7AB0E7D-0466-4933-8E11-92D45E0675BB}
		{0148C5EF-3FB6-6F71-F708-AAB3640B7E87} = {E8698650-9F7D-427B-9751-49B0E8991A26}
		{0868B6FF-E37A-475F-8A49-739116A84293} = {6BF8CDF0-DE26-4E5F-91F5-5BDA60EFDB42}
		{7BC9104D-2E91-4F9D-A890-BCE5AE3BA464} = {C3348D00-FFE5-4EB4-93CC-3BD98A10BA07}
		{85D7FECF-5ECB-4EA4-B8C4-B33BC1744BA4} = {7BC9104D-2E91-4F9D-A890-BCE5AE3BA464}
		{FD9FBBFC-412D-4D75-8A0F-F93F1148ADE0} = {7BC9104D-2E91-4F9D-A890-BCE5AE3BA464}
		{38775A56-0B59-4E41-87BA-B2CCAB982D83} = {D8BA3066-3533-4CC4-96E0-6D57D539BC98}
		{D38D4922-01C6-42AE-84D2-D23841BA05C1} = {D8BA3066-3533-4CC4-96E0-6D57D539BC98}
		{43445030-B675-437D-A2F9-CAC77C3D02AD} = {D8BA3066-3533-4CC4-96E0-6D57D539BC98}
		{9A25E5E9-0DCC-4C35-BED2-A632E77108B7} = {D8BA3066-3533-4CC4-96E0-6D57D539BC98}
		{48EFF821-2F4D-60CC-AA44-BE0F1D6E5F35} = {AEE2781A-3E57-4087-8E6D-D58428850FD1}
	EndGlobalSection
	GlobalSection(ExtensibilityGlobals) = postSolution
		SolutionGuid = {31F1D936-BC1F-4421-BB3C-D180B2F68A6D}
	EndGlobalSection
EndGlobal
