
Microsoft Visual Studio Solution File, Format Version 12.00
# Visual Studio Version 17
VisualStudioVersion = 17.12.35707.178
MinimumVisualStudioVersion = 10.0.40219.1
Project("{FAE04EC0-301F-11D3-BF4B-00C04F79EFBC}") = "Fibonacci", "Fibonacci\Fibonacci.csproj", "{B0A49186-855F-4324-9DE4-6DE1262A28D2}"
EndProject
Project("{2150E333-8FDC-42A3-9474-1A3956D46DE8}") = "Paralelismo", "Paralelismo", "{59CD9A13-7E83-40F3-BEE1-6391E5652944}"
EndProject
Project("{FAE04EC0-301F-11D3-BF4B-00C04F79EFBC}") = "PruebasParalelismo", "Paralelismo\PruebasParalelismo\PruebasParalelismo.csproj", "{F307795D-38FC-490E-B582-3727D4C659DE}"
EndProject
Project("{2150E333-8FDC-42A3-9474-1A3956D46DE8}") = "CosmosDB", "CosmosDB", "{02EA681E-C7D8-13C7-8484-4AC65E1B71E8}"
EndProject
Project("{FAE04EC0-301F-11D3-BF4B-00C04F79EFBC}") = "CosmosDBEmulator", "CosmosDBemulator\CosmosDBEmulator\CosmosDBEmulator.csproj", "{E08BD519-25DE-4F1F-B158-3E256D8BAAFB}"
EndProject
Project("{FAE04EC0-301F-11D3-BF4B-00C04F79EFBC}") = "CosmosDBEmulator.Contracts", "CosmosDBEmulator\Contracts\CosmosDBEmulator.Contracts\CosmosDBEmulator.Contracts.csproj", "{E1DA748B-BABA-4712-BD86-6FC95CA1A2DA}"
EndProject
Project("{FAE04EC0-301F-11D3-BF4B-00C04F79EFBC}") = "CosmosDBEmulator.Services", "CosmosDB\Services\CosmosDBEmulator.Services\CosmosDBEmulator.Services.csproj", "{8DA8390C-AF0D-4406-90B4-DF474AA2BD40}"
EndProject
Global
	GlobalSection(SolutionConfigurationPlatforms) = preSolution
		Debug|Any CPU = Debug|Any CPU
		Release|Any CPU = Release|Any CPU
	EndGlobalSection
	GlobalSection(ProjectConfigurationPlatforms) = postSolution
		{B0A49186-855F-4324-9DE4-6DE1262A28D2}.Debug|Any CPU.ActiveCfg = Debug|Any CPU
		{B0A49186-855F-4324-9DE4-6DE1262A28D2}.Debug|Any CPU.Build.0 = Debug|Any CPU
		{B0A49186-855F-4324-9DE4-6DE1262A28D2}.Release|Any CPU.ActiveCfg = Release|Any CPU
		{B0A49186-855F-4324-9DE4-6DE1262A28D2}.Release|Any CPU.Build.0 = Release|Any CPU
		{F307795D-38FC-490E-B582-3727D4C659DE}.Debug|Any CPU.ActiveCfg = Debug|Any CPU
		{F307795D-38FC-490E-B582-3727D4C659DE}.Debug|Any CPU.Build.0 = Debug|Any CPU
		{F307795D-38FC-490E-B582-3727D4C659DE}.Release|Any CPU.ActiveCfg = Release|Any CPU
		{F307795D-38FC-490E-B582-3727D4C659DE}.Release|Any CPU.Build.0 = Release|Any CPU
		{E08BD519-25DE-4F1F-B158-3E256D8BAAFB}.Debug|Any CPU.ActiveCfg = Debug|Any CPU
		{E08BD519-25DE-4F1F-B158-3E256D8BAAFB}.Debug|Any CPU.Build.0 = Debug|Any CPU
		{E08BD519-25DE-4F1F-B158-3E256D8BAAFB}.Release|Any CPU.ActiveCfg = Release|Any CPU
		{E08BD519-25DE-4F1F-B158-3E256D8BAAFB}.Release|Any CPU.Build.0 = Release|Any CPU
		{E1DA748B-BABA-4712-BD86-6FC95CA1A2DA}.Debug|Any CPU.ActiveCfg = Debug|Any CPU
		{E1DA748B-BABA-4712-BD86-6FC95CA1A2DA}.Debug|Any CPU.Build.0 = Debug|Any CPU
		{E1DA748B-BABA-4712-BD86-6FC95CA1A2DA}.Release|Any CPU.ActiveCfg = Release|Any CPU
		{E1DA748B-BABA-4712-BD86-6FC95CA1A2DA}.Release|Any CPU.Build.0 = Release|Any CPU
		{8DA8390C-AF0D-4406-90B4-DF474AA2BD40}.Debug|Any CPU.ActiveCfg = Debug|Any CPU
		{8DA8390C-AF0D-4406-90B4-DF474AA2BD40}.Debug|Any CPU.Build.0 = Debug|Any CPU
		{8DA8390C-AF0D-4406-90B4-DF474AA2BD40}.Release|Any CPU.ActiveCfg = Release|Any CPU
		{8DA8390C-AF0D-4406-90B4-DF474AA2BD40}.Release|Any CPU.Build.0 = Release|Any CPU
	EndGlobalSection
	GlobalSection(SolutionProperties) = preSolution
		HideSolutionNode = FALSE
	EndGlobalSection
	GlobalSection(NestedProjects) = preSolution
		{F307795D-38FC-490E-B582-3727D4C659DE} = {59CD9A13-7E83-40F3-BEE1-6391E5652944}
		{E08BD519-25DE-4F1F-B158-3E256D8BAAFB} = {02EA681E-C7D8-13C7-8484-4AC65E1B71E8}
		{E1DA748B-BABA-4712-BD86-6FC95CA1A2DA} = {02EA681E-C7D8-13C7-8484-4AC65E1B71E8}
		{8DA8390C-AF0D-4406-90B4-DF474AA2BD40} = {02EA681E-C7D8-13C7-8484-4AC65E1B71E8}
	EndGlobalSection
	GlobalSection(ExtensibilityGlobals) = postSolution
		SolutionGuid = {31F1D936-BC1F-4421-BB3C-D180B2F68A6D}
	EndGlobalSection
EndGlobal
